
Microsoft Visual Studio Solution File, Format Version 12.00
# Visual Studio 15
VisualStudioVersion = 15.0.28010.2046
MinimumVisualStudioVersion = 10.0.40219.1
Project("{FAE04EC0-301F-11D3-BF4B-00C04F79EFBC}") = "Login.Android", "Login\Login.Android\Login.Android.csproj", "{C18C4AB2-0ABA-46B6-A1D0-49430423D2D8}"
EndProject
Project("{FAE04EC0-301F-11D3-BF4B-00C04F79EFBC}") = "Login.iOS", "Login\Login.iOS\Login.iOS.csproj", "{52E1F72A-DCF6-47E1-947F-9978F5ACADCF}"
EndProject
Project("{FAE04EC0-301F-11D3-BF4B-00C04F79EFBC}") = "Login", "Login\Login\Login.csproj", "{49CB4F83-3875-4446-BACB-3BFC1D46723D}"
EndProject
Global
	GlobalSection(SolutionConfigurationPlatforms) = preSolution
		Ad-Hoc|Any CPU = Ad-Hoc|Any CPU
		Ad-Hoc|iPhone = Ad-Hoc|iPhone
		Ad-Hoc|iPhoneSimulator = Ad-Hoc|iPhoneSimulator
		AppStore|Any CPU = AppStore|Any CPU
		AppStore|iPhone = AppStore|iPhone
		AppStore|iPhoneSimulator = AppStore|iPhoneSimulator
		Debug|Any CPU = Debug|Any CPU
		Debug|iPhone = Debug|iPhone
		Debug|iPhoneSimulator = Debug|iPhoneSimulator
		Release|Any CPU = Release|Any CPU
		Release|iPhone = Release|iPhone
		Release|iPhoneSimulator = Release|iPhoneSimulator
	EndGlobalSection
	GlobalSection(ProjectConfigurationPlatforms) = postSolution
		{C18C4AB2-0ABA-46B6-A1D0-49430423D2D8}.Ad-Hoc|Any CPU.ActiveCfg = Release|Any CPU
		{C18C4AB2-0ABA-46B6-A1D0-49430423D2D8}.Ad-Hoc|Any CPU.Build.0 = Release|Any CPU
		{C18C4AB2-0ABA-46B6-A1D0-49430423D2D8}.Ad-Hoc|Any CPU.Deploy.0 = Release|Any CPU
		{C18C4AB2-0ABA-46B6-A1D0-49430423D2D8}.Ad-Hoc|iPhone.ActiveCfg = Release|Any CPU
		{C18C4AB2-0ABA-46B6-A1D0-49430423D2D8}.Ad-Hoc|iPhone.Build.0 = Release|Any CPU
		{C18C4AB2-0ABA-46B6-A1D0-49430423D2D8}.Ad-Hoc|iPhone.Deploy.0 = Release|Any CPU
		{C18C4AB2-0ABA-46B6-A1D0-49430423D2D8}.Ad-Hoc|iPhoneSimulator.ActiveCfg = Release|Any CPU
		{C18C4AB2-0ABA-46B6-A1D0-49430423D2D8}.Ad-Hoc|iPhoneSimulator.Build.0 = Release|Any CPU
		{C18C4AB2-0ABA-46B6-A1D0-49430423D2D8}.Ad-Hoc|iPhoneSimulator.Deploy.0 = Release|Any CPU
		{C18C4AB2-0ABA-46B6-A1D0-49430423D2D8}.AppStore|Any CPU.ActiveCfg = Release|Any CPU
		{C18C4AB2-0ABA-46B6-A1D0-49430423D2D8}.AppStore|Any CPU.Build.0 = Release|Any CPU
		{C18C4AB2-0ABA-46B6-A1D0-49430423D2D8}.AppStore|Any CPU.Deploy.0 = Release|Any CPU
		{C18C4AB2-0ABA-46B6-A1D0-49430423D2D8}.AppStore|iPhone.ActiveCfg = Release|Any CPU
		{C18C4AB2-0ABA-46B6-A1D0-49430423D2D8}.AppStore|iPhone.Build.0 = Release|Any CPU
		{C18C4AB2-0ABA-46B6-A1D0-49430423D2D8}.AppStore|iPhone.Deploy.0 = Release|Any CPU
		{C18C4AB2-0ABA-46B6-A1D0-49430423D2D8}.AppStore|iPhoneSimulator.ActiveCfg = Release|Any CPU
		{C18C4AB2-0ABA-46B6-A1D0-49430423D2D8}.AppStore|iPhoneSimulator.Build.0 = Release|Any CPU
		{C18C4AB2-0ABA-46B6-A1D0-49430423D2D8}.AppStore|iPhoneSimulator.Deploy.0 = Release|Any CPU
		{C18C4AB2-0ABA-46B6-A1D0-49430423D2D8}.Debug|Any CPU.ActiveCfg = Debug|Any CPU
		{C18C4AB2-0ABA-46B6-A1D0-49430423D2D8}.Debug|Any CPU.Build.0 = Debug|Any CPU
		{C18C4AB2-0ABA-46B6-A1D0-49430423D2D8}.Debug|Any CPU.Deploy.0 = Debug|Any CPU
		{C18C4AB2-0ABA-46B6-A1D0-49430423D2D8}.Debug|iPhone.ActiveCfg = Debug|Any CPU
		{C18C4AB2-0ABA-46B6-A1D0-49430423D2D8}.Debug|iPhone.Build.0 = Debug|Any CPU
		{C18C4AB2-0ABA-46B6-A1D0-49430423D2D8}.Debug|iPhone.Deploy.0 = Debug|Any CPU
		{C18C4AB2-0ABA-46B6-A1D0-49430423D2D8}.Debug|iPhoneSimulator.ActiveCfg = Debug|Any CPU
		{C18C4AB2-0ABA-46B6-A1D0-49430423D2D8}.Debug|iPhoneSimulator.Build.0 = Debug|Any CPU
		{C18C4AB2-0ABA-46B6-A1D0-49430423D2D8}.Debug|iPhoneSimulator.Deploy.0 = Debug|Any CPU
		{C18C4AB2-0ABA-46B6-A1D0-49430423D2D8}.Release|Any CPU.ActiveCfg = Release|Any CPU
		{C18C4AB2-0ABA-46B6-A1D0-49430423D2D8}.Release|Any CPU.Build.0 = Release|Any CPU
		{C18C4AB2-0ABA-46B6-A1D0-49430423D2D8}.Release|Any CPU.Deploy.0 = Release|Any CPU
		{C18C4AB2-0ABA-46B6-A1D0-49430423D2D8}.Release|iPhone.ActiveCfg = Release|Any CPU
		{C18C4AB2-0ABA-46B6-A1D0-49430423D2D8}.Release|iPhone.Build.0 = Release|Any CPU
		{C18C4AB2-0ABA-46B6-A1D0-49430423D2D8}.Release|iPhone.Deploy.0 = Release|Any CPU
		{C18C4AB2-0ABA-46B6-A1D0-49430423D2D8}.Release|iPhoneSimulator.ActiveCfg = Release|Any CPU
		{C18C4AB2-0ABA-46B6-A1D0-49430423D2D8}.Release|iPhoneSimulator.Build.0 = Release|Any CPU
		{C18C4AB2-0ABA-46B6-A1D0-49430423D2D8}.Release|iPhoneSimulator.Deploy.0 = Release|Any CPU
		{52E1F72A-DCF6-47E1-947F-9978F5ACADCF}.Ad-Hoc|Any CPU.ActiveCfg = Ad-Hoc|iPhone
		{52E1F72A-DCF6-47E1-947F-9978F5ACADCF}.Ad-Hoc|Any CPU.Build.0 = Ad-Hoc|iPhone
		{52E1F72A-DCF6-47E1-947F-9978F5ACADCF}.Ad-Hoc|Any CPU.Deploy.0 = Ad-Hoc|iPhone
		{52E1F72A-DCF6-47E1-947F-9978F5ACADCF}.Ad-Hoc|iPhone.ActiveCfg = Ad-Hoc|iPhone
		{52E1F72A-DCF6-47E1-947F-9978F5ACADCF}.Ad-Hoc|iPhone.Build.0 = Ad-Hoc|iPhone
		{52E1F72A-DCF6-47E1-947F-9978F5ACADCF}.Ad-Hoc|iPhone.Deploy.0 = Ad-Hoc|iPhone
		{52E1F72A-DCF6-47E1-947F-9978F5ACADCF}.Ad-Hoc|iPhoneSimulator.ActiveCfg = Ad-Hoc|iPhoneSimulator
		{52E1F72A-DCF6-47E1-947F-9978F5ACADCF}.Ad-Hoc|iPhoneSimulator.Build.0 = Ad-Hoc|iPhoneSimulator
		{52E1F72A-DCF6-47E1-947F-9978F5ACADCF}.Ad-Hoc|iPhoneSimulator.Deploy.0 = Ad-Hoc|iPhoneSimulator
		{52E1F72A-DCF6-47E1-947F-9978F5ACADCF}.AppStore|Any CPU.ActiveCfg = AppStore|iPhone
		{52E1F72A-DCF6-47E1-947F-9978F5ACADCF}.AppStore|Any CPU.Build.0 = AppStore|iPhone
		{52E1F72A-DCF6-47E1-947F-9978F5ACADCF}.AppStore|Any CPU.Deploy.0 = AppStore|iPhone
		{52E1F72A-DCF6-47E1-947F-9978F5ACADCF}.AppStore|iPhone.ActiveCfg = AppStore|iPhone
		{52E1F72A-DCF6-47E1-947F-9978F5ACADCF}.AppStore|iPhone.Build.0 = AppStore|iPhone
		{52E1F72A-DCF6-47E1-947F-9978F5ACADCF}.AppStore|iPhone.Deploy.0 = AppStore|iPhone
		{52E1F72A-DCF6-47E1-947F-9978F5ACADCF}.AppStore|iPhoneSimulator.ActiveCfg = AppStore|iPhoneSimulator
		{52E1F72A-DCF6-47E1-947F-9978F5ACADCF}.AppStore|iPhoneSimulator.Build.0 = AppStore|iPhoneSimulator
		{52E1F72A-DCF6-47E1-947F-9978F5ACADCF}.AppStore|iPhoneSimulator.Deploy.0 = AppStore|iPhoneSimulator
		{52E1F72A-DCF6-47E1-947F-9978F5ACADCF}.Debug|Any CPU.ActiveCfg = Debug|iPhoneSimulator
		{52E1F72A-DCF6-47E1-947F-9978F5ACADCF}.Debug|Any CPU.Build.0 = Debug|iPhoneSimulator
		{52E1F72A-DCF6-47E1-947F-9978F5ACADCF}.Debug|Any CPU.Deploy.0 = Debug|iPhoneSimulator
		{52E1F72A-DCF6-47E1-947F-9978F5ACADCF}.Debug|iPhone.ActiveCfg = Debug|iPhone
		{52E1F72A-DCF6-47E1-947F-9978F5ACADCF}.Debug|iPhone.Build.0 = Debug|iPhone
		{52E1F72A-DCF6-47E1-947F-9978F5ACADCF}.Debug|iPhone.Deploy.0 = Debug|iPhone
		{52E1F72A-DCF6-47E1-947F-9978F5ACADCF}.Debug|iPhoneSimulator.ActiveCfg = Debug|iPhoneSimulator
		{52E1F72A-DCF6-47E1-947F-9978F5ACADCF}.Debug|iPhoneSimulator.Build.0 = Debug|iPhoneSimulator
		{52E1F72A-DCF6-47E1-947F-9978F5ACADCF}.Debug|iPhoneSimulator.Deploy.0 = Debug|iPhoneSimulator
		{52E1F72A-DCF6-47E1-947F-9978F5ACADCF}.Release|Any CPU.ActiveCfg = Release|iPhone
		{52E1F72A-DCF6-47E1-947F-9978F5ACADCF}.Release|Any CPU.Build.0 = Release|iPhone
		{52E1F72A-DCF6-47E1-947F-9978F5ACADCF}.Release|Any CPU.Deploy.0 = Release|iPhone
		{52E1F72A-DCF6-47E1-947F-9978F5ACADCF}.Release|iPhone.ActiveCfg = Release|iPhone
		{52E1F72A-DCF6-47E1-947F-9978F5ACADCF}.Release|iPhone.Build.0 = Release|iPhone
		{52E1F72A-DCF6-47E1-947F-9978F5ACADCF}.Release|iPhone.Deploy.0 = Release|iPhone
		{52E1F72A-DCF6-47E1-947F-9978F5ACADCF}.Release|iPhoneSimulator.ActiveCfg = Release|iPhoneSimulator
		{52E1F72A-DCF6-47E1-947F-9978F5ACADCF}.Release|iPhoneSimulator.Build.0 = Release|iPhoneSimulator
		{52E1F72A-DCF6-47E1-947F-9978F5ACADCF}.Release|iPhoneSimulator.Deploy.0 = Release|iPhoneSimulator
		{49CB4F83-3875-4446-BACB-3BFC1D46723D}.Ad-Hoc|Any CPU.ActiveCfg = Debug|Any CPU
		{49CB4F83-3875-4446-BACB-3BFC1D46723D}.Ad-Hoc|Any CPU.Build.0 = Debug|Any CPU
		{49CB4F83-3875-4446-BACB-3BFC1D46723D}.Ad-Hoc|Any CPU.Deploy.0 = Debug|Any CPU
		{49CB4F83-3875-4446-BACB-3BFC1D46723D}.Ad-Hoc|iPhone.ActiveCfg = Debug|Any CPU
		{49CB4F83-3875-4446-BACB-3BFC1D46723D}.Ad-Hoc|iPhone.Build.0 = Debug|Any CPU
		{49CB4F83-3875-4446-BACB-3BFC1D46723D}.Ad-Hoc|iPhone.Deploy.0 = Debug|Any CPU
		{49CB4F83-3875-4446-BACB-3BFC1D46723D}.Ad-Hoc|iPhoneSimulator.ActiveCfg = Debug|Any CPU
		{49CB4F83-3875-4446-BACB-3BFC1D46723D}.Ad-Hoc|iPhoneSimulator.Build.0 = Debug|Any CPU
		{49CB4F83-3875-4446-BACB-3BFC1D46723D}.Ad-Hoc|iPhoneSimulator.Deploy.0 = Debug|Any CPU
		{49CB4F83-3875-4446-BACB-3BFC1D46723D}.AppStore|Any CPU.ActiveCfg = Debug|Any CPU
		{49CB4F83-3875-4446-BACB-3BFC1D46723D}.AppStore|Any CPU.Build.0 = Debug|Any CPU
		{49CB4F83-3875-4446-BACB-3BFC1D46723D}.AppStore|Any CPU.Deploy.0 = Debug|Any CPU
		{49CB4F83-3875-4446-BACB-3BFC1D46723D}.AppStore|iPhone.ActiveCfg = Debug|Any CPU
		{49CB4F83-3875-4446-BACB-3BFC1D46723D}.AppStore|iPhone.Build.0 = Debug|Any CPU
		{49CB4F83-3875-4446-BACB-3BFC1D46723D}.AppStore|iPhone.Deploy.0 = Debug|Any CPU
		{49CB4F83-3875-4446-BACB-3BFC1D46723D}.AppStore|iPhoneSimulator.ActiveCfg = Debug|Any CPU
		{49CB4F83-3875-4446-BACB-3BFC1D46723D}.AppStore|iPhoneSimulator.Build.0 = Debug|Any CPU
		{49CB4F83-3875-4446-BACB-3BFC1D46723D}.AppStore|iPhoneSimulator.Deploy.0 = Debug|Any CPU
		{49CB4F83-3875-4446-BACB-3BFC1D46723D}.Debug|Any CPU.ActiveCfg = Debug|Any CPU
		{49CB4F83-3875-4446-BACB-3BFC1D46723D}.Debug|Any CPU.Build.0 = Debug|Any CPU
		{49CB4F83-3875-4446-BACB-3BFC1D46723D}.Debug|Any CPU.Deploy.0 = Debug|Any CPU
		{49CB4F83-3875-4446-BACB-3BFC1D46723D}.Debug|iPhone.ActiveCfg = Debug|Any CPU
		{49CB4F83-3875-4446-BACB-3BFC1D46723D}.Debug|iPhone.Build.0 = Debug|Any CPU
		{49CB4F83-3875-4446-BACB-3BFC1D46723D}.Debug|iPhone.Deploy.0 = Debug|Any CPU
		{49CB4F83-3875-4446-BACB-3BFC1D46723D}.Debug|iPhoneSimulator.ActiveCfg = Debug|Any CPU
		{49CB4F83-3875-4446-BACB-3BFC1D46723D}.Debug|iPhoneSimulator.Build.0 = Debug|Any CPU
		{49CB4F83-3875-4446-BACB-3BFC1D46723D}.Debug|iPhoneSimulator.Deploy.0 = Debug|Any CPU
		{49CB4F83-3875-4446-BACB-3BFC1D46723D}.Release|Any CPU.ActiveCfg = Release|Any CPU
		{49CB4F83-3875-4446-BACB-3BFC1D46723D}.Release|Any CPU.Build.0 = Release|Any CPU
		{49CB4F83-3875-4446-BACB-3BFC1D46723D}.Release|Any CPU.Deploy.0 = Release|Any CPU
		{49CB4F83-3875-4446-BACB-3BFC1D46723D}.Release|iPhone.ActiveCfg = Release|Any CPU
		{49CB4F83-3875-4446-BACB-3BFC1D46723D}.Release|iPhone.Build.0 = Release|Any CPU
		{49CB4F83-3875-4446-BACB-3BFC1D46723D}.Release|iPhone.Deploy.0 = Release|Any CPU
		{49CB4F83-3875-4446-BACB-3BFC1D46723D}.Release|iPhoneSimulator.ActiveCfg = Release|Any CPU
		{49CB4F83-3875-4446-BACB-3BFC1D46723D}.Release|iPhoneSimulator.Build.0 = Release|Any CPU
		{49CB4F83-3875-4446-BACB-3BFC1D46723D}.Release|iPhoneSimulator.Deploy.0 = Release|Any CPU
	EndGlobalSection
	GlobalSection(SolutionProperties) = preSolution
		HideSolutionNode = FALSE
	EndGlobalSection
	GlobalSection(ExtensibilityGlobals) = postSolution
		SolutionGuid = {E2EDB3BA-FCF0-437D-A0C0-7703CB474F2C}
	EndGlobalSection
EndGlobal
