
Microsoft Visual Studio Solution File, Format Version 12.00
# Visual Studio 15
VisualStudioVersion = 15.0.28307.489
MinimumVisualStudioVersion = 10.0.40219.1
Project("{FAE04EC0-301F-11D3-BF4B-00C04F79EFBC}") = "LoginDB.Android", "LoginDB\LoginDB.Android\LoginDB.Android.csproj", "{5C32E653-8D27-4A87-BD8E-7A5E5239990E}"
EndProject
Project("{FAE04EC0-301F-11D3-BF4B-00C04F79EFBC}") = "LoginDB.iOS", "LoginDB\LoginDB.iOS\LoginDB.iOS.csproj", "{5899580F-C240-474D-B701-0A78A32D5097}"
EndProject
Project("{FAE04EC0-301F-11D3-BF4B-00C04F79EFBC}") = "LoginDB", "LoginDB\LoginDB\LoginDB.csproj", "{DC318A15-0D17-48AD-B714-C9B2A18C96AD}"
EndProject
Global
	GlobalSection(SolutionConfigurationPlatforms) = preSolution
		Ad-Hoc|Any CPU = Ad-Hoc|Any CPU
		Ad-Hoc|iPhone = Ad-Hoc|iPhone
		Ad-Hoc|iPhoneSimulator = Ad-Hoc|iPhoneSimulator
		AppStore|Any CPU = AppStore|Any CPU
		AppStore|iPhone = AppStore|iPhone
		AppStore|iPhoneSimulator = AppStore|iPhoneSimulator
		Debug|Any CPU = Debug|Any CPU
		Debug|iPhone = Debug|iPhone
		Debug|iPhoneSimulator = Debug|iPhoneSimulator
		Release|Any CPU = Release|Any CPU
		Release|iPhone = Release|iPhone
		Release|iPhoneSimulator = Release|iPhoneSimulator
	EndGlobalSection
	GlobalSection(ProjectConfigurationPlatforms) = postSolution
		{5C32E653-8D27-4A87-BD8E-7A5E5239990E}.Ad-Hoc|Any CPU.ActiveCfg = Release|Any CPU
		{5C32E653-8D27-4A87-BD8E-7A5E5239990E}.Ad-Hoc|Any CPU.Build.0 = Release|Any CPU
		{5C32E653-8D27-4A87-BD8E-7A5E5239990E}.Ad-Hoc|Any CPU.Deploy.0 = Release|Any CPU
		{5C32E653-8D27-4A87-BD8E-7A5E5239990E}.Ad-Hoc|iPhone.ActiveCfg = Release|Any CPU
		{5C32E653-8D27-4A87-BD8E-7A5E5239990E}.Ad-Hoc|iPhone.Build.0 = Release|Any CPU
		{5C32E653-8D27-4A87-BD8E-7A5E5239990E}.Ad-Hoc|iPhone.Deploy.0 = Release|Any CPU
		{5C32E653-8D27-4A87-BD8E-7A5E5239990E}.Ad-Hoc|iPhoneSimulator.ActiveCfg = Release|Any CPU
		{5C32E653-8D27-4A87-BD8E-7A5E5239990E}.Ad-Hoc|iPhoneSimulator.Build.0 = Release|Any CPU
		{5C32E653-8D27-4A87-BD8E-7A5E5239990E}.Ad-Hoc|iPhoneSimulator.Deploy.0 = Release|Any CPU
		{5C32E653-8D27-4A87-BD8E-7A5E5239990E}.AppStore|Any CPU.ActiveCfg = Release|Any CPU
		{5C32E653-8D27-4A87-BD8E-7A5E5239990E}.AppStore|Any CPU.Build.0 = Release|Any CPU
		{5C32E653-8D27-4A87-BD8E-7A5E5239990E}.AppStore|Any CPU.Deploy.0 = Release|Any CPU
		{5C32E653-8D27-4A87-BD8E-7A5E5239990E}.AppStore|iPhone.ActiveCfg = Release|Any CPU
		{5C32E653-8D27-4A87-BD8E-7A5E5239990E}.AppStore|iPhone.Build.0 = Release|Any CPU
		{5C32E653-8D27-4A87-BD8E-7A5E5239990E}.AppStore|iPhone.Deploy.0 = Release|Any CPU
		{5C32E653-8D27-4A87-BD8E-7A5E5239990E}.AppStore|iPhoneSimulator.ActiveCfg = Release|Any CPU
		{5C32E653-8D27-4A87-BD8E-7A5E5239990E}.AppStore|iPhoneSimulator.Build.0 = Release|Any CPU
		{5C32E653-8D27-4A87-BD8E-7A5E5239990E}.AppStore|iPhoneSimulator.Deploy.0 = Release|Any CPU
		{5C32E653-8D27-4A87-BD8E-7A5E5239990E}.Debug|Any CPU.ActiveCfg = Debug|Any CPU
		{5C32E653-8D27-4A87-BD8E-7A5E5239990E}.Debug|Any CPU.Build.0 = Debug|Any CPU
		{5C32E653-8D27-4A87-BD8E-7A5E5239990E}.Debug|Any CPU.Deploy.0 = Debug|Any CPU
		{5C32E653-8D27-4A87-BD8E-7A5E5239990E}.Debug|iPhone.ActiveCfg = Debug|Any CPU
		{5C32E653-8D27-4A87-BD8E-7A5E5239990E}.Debug|iPhone.Build.0 = Debug|Any CPU
		{5C32E653-8D27-4A87-BD8E-7A5E5239990E}.Debug|iPhone.Deploy.0 = Debug|Any CPU
		{5C32E653-8D27-4A87-BD8E-7A5E5239990E}.Debug|iPhoneSimulator.ActiveCfg = Debug|Any CPU
		{5C32E653-8D27-4A87-BD8E-7A5E5239990E}.Debug|iPhoneSimulator.Build.0 = Debug|Any CPU
		{5C32E653-8D27-4A87-BD8E-7A5E5239990E}.Debug|iPhoneSimulator.Deploy.0 = Debug|Any CPU
		{5C32E653-8D27-4A87-BD8E-7A5E5239990E}.Release|Any CPU.ActiveCfg = Release|Any CPU
		{5C32E653-8D27-4A87-BD8E-7A5E5239990E}.Release|Any CPU.Build.0 = Release|Any CPU
		{5C32E653-8D27-4A87-BD8E-7A5E5239990E}.Release|Any CPU.Deploy.0 = Release|Any CPU
		{5C32E653-8D27-4A87-BD8E-7A5E5239990E}.Release|iPhone.ActiveCfg = Release|Any CPU
		{5C32E653-8D27-4A87-BD8E-7A5E5239990E}.Release|iPhone.Build.0 = Release|Any CPU
		{5C32E653-8D27-4A87-BD8E-7A5E5239990E}.Release|iPhone.Deploy.0 = Release|Any CPU
		{5C32E653-8D27-4A87-BD8E-7A5E5239990E}.Release|iPhoneSimulator.ActiveCfg = Release|Any CPU
		{5C32E653-8D27-4A87-BD8E-7A5E5239990E}.Release|iPhoneSimulator.Build.0 = Release|Any CPU
		{5C32E653-8D27-4A87-BD8E-7A5E5239990E}.Release|iPhoneSimulator.Deploy.0 = Release|Any CPU
		{5899580F-C240-474D-B701-0A78A32D5097}.Ad-Hoc|Any CPU.ActiveCfg = Ad-Hoc|iPhone
		{5899580F-C240-474D-B701-0A78A32D5097}.Ad-Hoc|Any CPU.Build.0 = Ad-Hoc|iPhone
		{5899580F-C240-474D-B701-0A78A32D5097}.Ad-Hoc|Any CPU.Deploy.0 = Ad-Hoc|iPhone
		{5899580F-C240-474D-B701-0A78A32D5097}.Ad-Hoc|iPhone.ActiveCfg = Ad-Hoc|iPhone
		{5899580F-C240-474D-B701-0A78A32D5097}.Ad-Hoc|iPhone.Build.0 = Ad-Hoc|iPhone
		{5899580F-C240-474D-B701-0A78A32D5097}.Ad-Hoc|iPhone.Deploy.0 = Ad-Hoc|iPhone
		{5899580F-C240-474D-B701-0A78A32D5097}.Ad-Hoc|iPhoneSimulator.ActiveCfg = Ad-Hoc|iPhoneSimulator
		{5899580F-C240-474D-B701-0A78A32D5097}.Ad-Hoc|iPhoneSimulator.Build.0 = Ad-Hoc|iPhoneSimulator
		{5899580F-C240-474D-B701-0A78A32D5097}.Ad-Hoc|iPhoneSimulator.Deploy.0 = Ad-Hoc|iPhoneSimulator
		{5899580F-C240-474D-B701-0A78A32D5097}.AppStore|Any CPU.ActiveCfg = AppStore|iPhone
		{5899580F-C240-474D-B701-0A78A32D5097}.AppStore|Any CPU.Build.0 = AppStore|iPhone
		{5899580F-C240-474D-B701-0A78A32D5097}.AppStore|Any CPU.Deploy.0 = AppStore|iPhone
		{5899580F-C240-474D-B701-0A78A32D5097}.AppStore|iPhone.ActiveCfg = AppStore|iPhone
		{5899580F-C240-474D-B701-0A78A32D5097}.AppStore|iPhone.Build.0 = AppStore|iPhone
		{5899580F-C240-474D-B701-0A78A32D5097}.AppStore|iPhone.Deploy.0 = AppStore|iPhone
		{5899580F-C240-474D-B701-0A78A32D5097}.AppStore|iPhoneSimulator.ActiveCfg = AppStore|iPhoneSimulator
		{5899580F-C240-474D-B701-0A78A32D5097}.AppStore|iPhoneSimulator.Build.0 = AppStore|iPhoneSimulator
		{5899580F-C240-474D-B701-0A78A32D5097}.AppStore|iPhoneSimulator.Deploy.0 = AppStore|iPhoneSimulator
		{5899580F-C240-474D-B701-0A78A32D5097}.Debug|Any CPU.ActiveCfg = Debug|iPhoneSimulator
		{5899580F-C240-474D-B701-0A78A32D5097}.Debug|Any CPU.Build.0 = Debug|iPhoneSimulator
		{5899580F-C240-474D-B701-0A78A32D5097}.Debug|Any CPU.Deploy.0 = Debug|iPhoneSimulator
		{5899580F-C240-474D-B701-0A78A32D5097}.Debug|iPhone.ActiveCfg = Debug|iPhone
		{5899580F-C240-474D-B701-0A78A32D5097}.Debug|iPhone.Build.0 = Debug|iPhone
		{5899580F-C240-474D-B701-0A78A32D5097}.Debug|iPhone.Deploy.0 = Debug|iPhone
		{5899580F-C240-474D-B701-0A78A32D5097}.Debug|iPhoneSimulator.ActiveCfg = Debug|iPhoneSimulator
		{5899580F-C240-474D-B701-0A78A32D5097}.Debug|iPhoneSimulator.Build.0 = Debug|iPhoneSimulator
		{5899580F-C240-474D-B701-0A78A32D5097}.Debug|iPhoneSimulator.Deploy.0 = Debug|iPhoneSimulator
		{5899580F-C240-474D-B701-0A78A32D5097}.Release|Any CPU.ActiveCfg = Release|iPhone
		{5899580F-C240-474D-B701-0A78A32D5097}.Release|Any CPU.Build.0 = Release|iPhone
		{5899580F-C240-474D-B701-0A78A32D5097}.Release|Any CPU.Deploy.0 = Release|iPhone
		{5899580F-C240-474D-B701-0A78A32D5097}.Release|iPhone.ActiveCfg = Release|iPhone
		{5899580F-C240-474D-B701-0A78A32D5097}.Release|iPhone.Build.0 = Release|iPhone
		{5899580F-C240-474D-B701-0A78A32D5097}.Release|iPhone.Deploy.0 = Release|iPhone
		{5899580F-C240-474D-B701-0A78A32D5097}.Release|iPhoneSimulator.ActiveCfg = Release|iPhoneSimulator
		{5899580F-C240-474D-B701-0A78A32D5097}.Release|iPhoneSimulator.Build.0 = Release|iPhoneSimulator
		{5899580F-C240-474D-B701-0A78A32D5097}.Release|iPhoneSimulator.Deploy.0 = Release|iPhoneSimulator
		{DC318A15-0D17-48AD-B714-C9B2A18C96AD}.Ad-Hoc|Any CPU.ActiveCfg = Debug|Any CPU
		{DC318A15-0D17-48AD-B714-C9B2A18C96AD}.Ad-Hoc|Any CPU.Build.0 = Debug|Any CPU
		{DC318A15-0D17-48AD-B714-C9B2A18C96AD}.Ad-Hoc|Any CPU.Deploy.0 = Debug|Any CPU
		{DC318A15-0D17-48AD-B714-C9B2A18C96AD}.Ad-Hoc|iPhone.ActiveCfg = Debug|Any CPU
		{DC318A15-0D17-48AD-B714-C9B2A18C96AD}.Ad-Hoc|iPhone.Build.0 = Debug|Any CPU
		{DC318A15-0D17-48AD-B714-C9B2A18C96AD}.Ad-Hoc|iPhone.Deploy.0 = Debug|Any CPU
		{DC318A15-0D17-48AD-B714-C9B2A18C96AD}.Ad-Hoc|iPhoneSimulator.ActiveCfg = Debug|Any CPU
		{DC318A15-0D17-48AD-B714-C9B2A18C96AD}.Ad-Hoc|iPhoneSimulator.Build.0 = Debug|Any CPU
		{DC318A15-0D17-48AD-B714-C9B2A18C96AD}.Ad-Hoc|iPhoneSimulator.Deploy.0 = Debug|Any CPU
		{DC318A15-0D17-48AD-B714-C9B2A18C96AD}.AppStore|Any CPU.ActiveCfg = Debug|Any CPU
		{DC318A15-0D17-48AD-B714-C9B2A18C96AD}.AppStore|Any CPU.Build.0 = Debug|Any CPU
		{DC318A15-0D17-48AD-B714-C9B2A18C96AD}.AppStore|Any CPU.Deploy.0 = Debug|Any CPU
		{DC318A15-0D17-48AD-B714-C9B2A18C96AD}.AppStore|iPhone.ActiveCfg = Debug|Any CPU
		{DC318A15-0D17-48AD-B714-C9B2A18C96AD}.AppStore|iPhone.Build.0 = Debug|Any CPU
		{DC318A15-0D17-48AD-B714-C9B2A18C96AD}.AppStore|iPhone.Deploy.0 = Debug|Any CPU
		{DC318A15-0D17-48AD-B714-C9B2A18C96AD}.AppStore|iPhoneSimulator.ActiveCfg = Debug|Any CPU
		{DC318A15-0D17-48AD-B714-C9B2A18C96AD}.AppStore|iPhoneSimulator.Build.0 = Debug|Any CPU
		{DC318A15-0D17-48AD-B714-C9B2A18C96AD}.AppStore|iPhoneSimulator.Deploy.0 = Debug|Any CPU
		{DC318A15-0D17-48AD-B714-C9B2A18C96AD}.Debug|Any CPU.ActiveCfg = Debug|Any CPU
		{DC318A15-0D17-48AD-B714-C9B2A18C96AD}.Debug|Any CPU.Build.0 = Debug|Any CPU
		{DC318A15-0D17-48AD-B714-C9B2A18C96AD}.Debug|Any CPU.Deploy.0 = Debug|Any CPU
		{DC318A15-0D17-48AD-B714-C9B2A18C96AD}.Debug|iPhone.ActiveCfg = Debug|Any CPU
		{DC318A15-0D17-48AD-B714-C9B2A18C96AD}.Debug|iPhone.Build.0 = Debug|Any CPU
		{DC318A15-0D17-48AD-B714-C9B2A18C96AD}.Debug|iPhone.Deploy.0 = Debug|Any CPU
		{DC318A15-0D17-48AD-B714-C9B2A18C96AD}.Debug|iPhoneSimulator.ActiveCfg = Debug|Any CPU
		{DC318A15-0D17-48AD-B714-C9B2A18C96AD}.Debug|iPhoneSimulator.Build.0 = Debug|Any CPU
		{DC318A15-0D17-48AD-B714-C9B2A18C96AD}.Debug|iPhoneSimulator.Deploy.0 = Debug|Any CPU
		{DC318A15-0D17-48AD-B714-C9B2A18C96AD}.Release|Any CPU.ActiveCfg = Release|Any CPU
		{DC318A15-0D17-48AD-B714-C9B2A18C96AD}.Release|Any CPU.Build.0 = Release|Any CPU
		{DC318A15-0D17-48AD-B714-C9B2A18C96AD}.Release|Any CPU.Deploy.0 = Release|Any CPU
		{DC318A15-0D17-48AD-B714-C9B2A18C96AD}.Release|iPhone.ActiveCfg = Release|Any CPU
		{DC318A15-0D17-48AD-B714-C9B2A18C96AD}.Release|iPhone.Build.0 = Release|Any CPU
		{DC318A15-0D17-48AD-B714-C9B2A18C96AD}.Release|iPhone.Deploy.0 = Release|Any CPU
		{DC318A15-0D17-48AD-B714-C9B2A18C96AD}.Release|iPhoneSimulator.ActiveCfg = Release|Any CPU
		{DC318A15-0D17-48AD-B714-C9B2A18C96AD}.Release|iPhoneSimulator.Build.0 = Release|Any CPU
		{DC318A15-0D17-48AD-B714-C9B2A18C96AD}.Release|iPhoneSimulator.Deploy.0 = Release|Any CPU
	EndGlobalSection
	GlobalSection(SolutionProperties) = preSolution
		HideSolutionNode = FALSE
	EndGlobalSection
	GlobalSection(ExtensibilityGlobals) = postSolution
		SolutionGuid = {6F10F94F-72FC-4375-910F-6DDAB87C2C56}
	EndGlobalSection
EndGlobal
